
Microsoft Visual Studio Solution File, Format Version 12.00
# Visual Studio Version 16
VisualStudioVersion = 16.0.29201.188
MinimumVisualStudioVersion = 10.0.40219.1
Project("{FAE04EC0-301F-11D3-BF4B-00C04F79EFBC}") = "LuisBD2.0", "LuisBD2.0\LuisBD2.0.csproj", "{0F0CC23E-8C0F-4BD6-9591-7842B98C3F1D}"
EndProject
Global
	GlobalSection(SolutionConfigurationPlatforms) = preSolution
		Debug|Any CPU = Debug|Any CPU
		Release|Any CPU = Release|Any CPU
	EndGlobalSection
	GlobalSection(ProjectConfigurationPlatforms) = postSolution
		{0F0CC23E-8C0F-4BD6-9591-7842B98C3F1D}.Debug|Any CPU.ActiveCfg = Debug|Any CPU
		{0F0CC23E-8C0F-4BD6-9591-7842B98C3F1D}.Debug|Any CPU.Build.0 = Debug|Any CPU
		{0F0CC23E-8C0F-4BD6-9591-7842B98C3F1D}.Release|Any CPU.ActiveCfg = Release|Any CPU
		{0F0CC23E-8C0F-4BD6-9591-7842B98C3F1D}.Release|Any CPU.Build.0 = Release|Any CPU
	EndGlobalSection
	GlobalSection(SolutionProperties) = preSolution
		HideSolutionNode = FALSE
	EndGlobalSection
	GlobalSection(ExtensibilityGlobals) = postSolution
		SolutionGuid = {AEA00468-74AE-4CCF-B71C-E24AD92E1EA6}
	EndGlobalSection
EndGlobal
